// !$*UTF8*$!
{
	archiveVersion = 1;
	classes = {
	};
	objectVersion = 46;
	objects = {

/* Begin PBXBuildFile section */
		8C8F93141D9BFFB700EE5A60 /* AppDelegate.swift in Sources */ = {isa = PBXBuildFile; fileRef = 8C8F93131D9BFFB700EE5A60 /* AppDelegate.swift */; };
		8C8F93161D9BFFB700EE5A60 /* ViewController.swift in Sources */ = {isa = PBXBuildFile; fileRef = 8C8F93151D9BFFB700EE5A60 /* ViewController.swift */; };
		8C8F93191D9BFFB700EE5A60 /* Main.storyboard in Resources */ = {isa = PBXBuildFile; fileRef = 8C8F93171D9BFFB700EE5A60 /* Main.storyboard */; };
		8C8F931B1D9BFFB700EE5A60 /* Assets.xcassets in Resources */ = {isa = PBXBuildFile; fileRef = 8C8F931A1D9BFFB700EE5A60 /* Assets.xcassets */; };
		8C8F931E1D9BFFB700EE5A60 /* LaunchScreen.storyboard in Resources */ = {isa = PBXBuildFile; fileRef = 8C8F931C1D9BFFB700EE5A60 /* LaunchScreen.storyboard */; };
		8C8F933E1D9C01F500EE5A60 /* main.swift in Sources */ = {isa = PBXBuildFile; fileRef = 8C8F933D1D9C01F500EE5A60 /* main.swift */; };
		8C8F93401D9C022B00EE5A60 /* UnitTestAppDelegate.swift in Sources */ = {isa = PBXBuildFile; fileRef = 8C8F933F1D9C022B00EE5A60 /* UnitTestAppDelegate.swift */; };
		8C8F93471D9C07E700EE5A60 /* Swinject.framework in Frameworks */ = {isa = PBXBuildFile; fileRef = 8C8F93451D9C076200EE5A60 /* Swinject.framework */; };
		8C8F93591D9C0D5500EE5A60 /* Nimble.framework in Frameworks */ = {isa = PBXBuildFile; fileRef = 8C8F93571D9C0D5500EE5A60 /* Nimble.framework */; };
		8C8F935A1D9C0D5500EE5A60 /* Quick.framework in Frameworks */ = {isa = PBXBuildFile; fileRef = 8C8F93581D9C0D5500EE5A60 /* Quick.framework */; };
		8C8F935C1D9C0D6A00EE5A60 /* Nimble.framework in CopyFiles */ = {isa = PBXBuildFile; fileRef = 8C8F93571D9C0D5500EE5A60 /* Nimble.framework */; settings = {ATTRIBUTES = (CodeSignOnCopy, RemoveHeadersOnCopy, ); }; };
		8C8F935D1D9C0D6A00EE5A60 /* Quick.framework in CopyFiles */ = {isa = PBXBuildFile; fileRef = 8C8F93581D9C0D5500EE5A60 /* Quick.framework */; settings = {ATTRIBUTES = (CodeSignOnCopy, RemoveHeadersOnCopy, ); }; };
		8C8F93601D9C0EF500EE5A60 /* ViewControllerMock.swift in Sources */ = {isa = PBXBuildFile; fileRef = 8C8F935F1D9C0EF500EE5A60 /* ViewControllerMock.swift */; };
		8C8F93621D9C0EFF00EE5A60 /* OtherViewControllerMock.swift in Sources */ = {isa = PBXBuildFile; fileRef = 8C8F93611D9C0EFF00EE5A60 /* OtherViewControllerMock.swift */; };
		8C8F93641D9C0F0900EE5A60 /* NavigationControllerMock.swift in Sources */ = {isa = PBXBuildFile; fileRef = 8C8F93631D9C0F0900EE5A60 /* NavigationControllerMock.swift */; };
		8C8F93661D9C127C00EE5A60 /* YetAnotherViewControllerMock.swift in Sources */ = {isa = PBXBuildFile; fileRef = 8C8F93651D9C127C00EE5A60 /* YetAnotherViewControllerMock.swift */; };
		8CEA8E8E1D9C279500B512B8 /* UINavigationViewController+BackwardsNavigation.swift in Sources */ = {isa = PBXBuildFile; fileRef = 8CEA8E8D1D9C279500B512B8 /* UINavigationViewController+BackwardsNavigation.swift */; };
		8CEA8E921D9C280500B512B8 /* UINavigationViewControllerBackwardsNavigationSpec.swift in Sources */ = {isa = PBXBuildFile; fileRef = 8CEA8E911D9C280500B512B8 /* UINavigationViewControllerBackwardsNavigationSpec.swift */; };
		8CEA8E951D9C29BC00B512B8 /* FlowController.swift in Sources */ = {isa = PBXBuildFile; fileRef = 8CEA8E941D9C29BC00B512B8 /* FlowController.swift */; };
		8CEA8E991D9C2AE200B512B8 /* MainFlowController.swift in Sources */ = {isa = PBXBuildFile; fileRef = 8CEA8E981D9C2AE200B512B8 /* MainFlowController.swift */; };
		8CEA8E9C1D9C2BC000B512B8 /* MainFlowControllerSpec.swift in Sources */ = {isa = PBXBuildFile; fileRef = 8CEA8E9B1D9C2BC000B512B8 /* MainFlowControllerSpec.swift */; };
		8CEA8E9E1D9C2DD600B512B8 /* Dollar.framework in Frameworks */ = {isa = PBXBuildFile; fileRef = 8CEA8E9D1D9C2DD600B512B8 /* Dollar.framework */; };
/* End PBXBuildFile section */

/* Begin PBXContainerItemProxy section */
		8C8F93251D9BFFB700EE5A60 /* PBXContainerItemProxy */ = {
			isa = PBXContainerItemProxy;
			containerPortal = 8C8F93081D9BFFB700EE5A60 /* Project object */;
			proxyType = 1;
			remoteGlobalIDString = 8C8F930F1D9BFFB700EE5A60;
			remoteInfo = GithubBrowser;
		};
/* End PBXContainerItemProxy section */

/* Begin PBXCopyFilesBuildPhase section */
		8C8F935B1D9C0D5C00EE5A60 /* CopyFiles */ = {
			isa = PBXCopyFilesBuildPhase;
			buildActionMask = 2147483647;
			dstPath = "";
			dstSubfolderSpec = 10;
			files = (
				8C8F935C1D9C0D6A00EE5A60 /* Nimble.framework in CopyFiles */,
				8C8F935D1D9C0D6A00EE5A60 /* Quick.framework in CopyFiles */,
			);
			runOnlyForDeploymentPostprocessing = 0;
		};
/* End PBXCopyFilesBuildPhase section */

/* Begin PBXFileReference section */
		8C8F93101D9BFFB700EE5A60 /* GithubBrowser.app */ = {isa = PBXFileReference; explicitFileType = wrapper.application; includeInIndex = 0; path = GithubBrowser.app; sourceTree = BUILT_PRODUCTS_DIR; };
		8C8F93131D9BFFB700EE5A60 /* AppDelegate.swift */ = {isa = PBXFileReference; lastKnownFileType = sourcecode.swift; path = AppDelegate.swift; sourceTree = "<group>"; };
		8C8F93151D9BFFB700EE5A60 /* ViewController.swift */ = {isa = PBXFileReference; lastKnownFileType = sourcecode.swift; path = ViewController.swift; sourceTree = "<group>"; };
		8C8F93181D9BFFB700EE5A60 /* Base */ = {isa = PBXFileReference; lastKnownFileType = file.storyboard; name = Base; path = Base.lproj/Main.storyboard; sourceTree = "<group>"; };
		8C8F931A1D9BFFB700EE5A60 /* Assets.xcassets */ = {isa = PBXFileReference; lastKnownFileType = folder.assetcatalog; path = Assets.xcassets; sourceTree = "<group>"; };
		8C8F931D1D9BFFB700EE5A60 /* Base */ = {isa = PBXFileReference; lastKnownFileType = file.storyboard; name = Base; path = Base.lproj/LaunchScreen.storyboard; sourceTree = "<group>"; };
		8C8F931F1D9BFFB700EE5A60 /* Info.plist */ = {isa = PBXFileReference; lastKnownFileType = text.plist.xml; path = Info.plist; sourceTree = "<group>"; };
		8C8F93241D9BFFB700EE5A60 /* GithubBrowserTests.xctest */ = {isa = PBXFileReference; explicitFileType = wrapper.cfbundle; includeInIndex = 0; path = GithubBrowserTests.xctest; sourceTree = BUILT_PRODUCTS_DIR; };
		8C8F932A1D9BFFB700EE5A60 /* Info.plist */ = {isa = PBXFileReference; lastKnownFileType = text.plist.xml; path = Info.plist; sourceTree = "<group>"; };
		8C8F933D1D9C01F500EE5A60 /* main.swift */ = {isa = PBXFileReference; fileEncoding = 4; lastKnownFileType = sourcecode.swift; name = main.swift; path = GithubBrowser/Classes/main.swift; sourceTree = SOURCE_ROOT; };
		8C8F933F1D9C022B00EE5A60 /* UnitTestAppDelegate.swift */ = {isa = PBXFileReference; fileEncoding = 4; lastKnownFileType = sourcecode.swift; path = UnitTestAppDelegate.swift; sourceTree = "<group>"; };
		8C8F93431D9C069100EE5A60 /* Swinject.framework */ = {isa = PBXFileReference; lastKnownFileType = wrapper.framework; name = Swinject.framework; path = Carthage/Build/iOS/Swinject.framework; sourceTree = "<group>"; };
		8C8F93451D9C076200EE5A60 /* Swinject.framework */ = {isa = PBXFileReference; lastKnownFileType = wrapper.framework; name = Swinject.framework; path = ../Carthage/Build/iOS/Swinject.framework; sourceTree = "<group>"; };
		8C8F93571D9C0D5500EE5A60 /* Nimble.framework */ = {isa = PBXFileReference; lastKnownFileType = wrapper.framework; name = Nimble.framework; path = ../Carthage/Build/iOS/Nimble.framework; sourceTree = "<group>"; };
		8C8F93581D9C0D5500EE5A60 /* Quick.framework */ = {isa = PBXFileReference; lastKnownFileType = wrapper.framework; name = Quick.framework; path = ../Carthage/Build/iOS/Quick.framework; sourceTree = "<group>"; };
		8C8F935F1D9C0EF500EE5A60 /* ViewControllerMock.swift */ = {isa = PBXFileReference; fileEncoding = 4; lastKnownFileType = sourcecode.swift; path = ViewControllerMock.swift; sourceTree = "<group>"; };
		8C8F93611D9C0EFF00EE5A60 /* OtherViewControllerMock.swift */ = {isa = PBXFileReference; fileEncoding = 4; lastKnownFileType = sourcecode.swift; path = OtherViewControllerMock.swift; sourceTree = "<group>"; };
		8C8F93631D9C0F0900EE5A60 /* NavigationControllerMock.swift */ = {isa = PBXFileReference; fileEncoding = 4; lastKnownFileType = sourcecode.swift; path = NavigationControllerMock.swift; sourceTree = "<group>"; };
		8C8F93651D9C127C00EE5A60 /* YetAnotherViewControllerMock.swift */ = {isa = PBXFileReference; fileEncoding = 4; lastKnownFileType = sourcecode.swift; path = YetAnotherViewControllerMock.swift; sourceTree = "<group>"; };
		8CEA8E8D1D9C279500B512B8 /* UINavigationViewController+BackwardsNavigation.swift */ = {isa = PBXFileReference; fileEncoding = 4; lastKnownFileType = sourcecode.swift; path = "UINavigationViewController+BackwardsNavigation.swift"; sourceTree = "<group>"; };
		8CEA8E911D9C280500B512B8 /* UINavigationViewControllerBackwardsNavigationSpec.swift */ = {isa = PBXFileReference; fileEncoding = 4; lastKnownFileType = sourcecode.swift; path = UINavigationViewControllerBackwardsNavigationSpec.swift; sourceTree = "<group>"; };
		8CEA8E941D9C29BC00B512B8 /* FlowController.swift */ = {isa = PBXFileReference; fileEncoding = 4; lastKnownFileType = sourcecode.swift; path = FlowController.swift; sourceTree = "<group>"; };
		8CEA8E981D9C2AE200B512B8 /* MainFlowController.swift */ = {isa = PBXFileReference; fileEncoding = 4; lastKnownFileType = sourcecode.swift; path = MainFlowController.swift; sourceTree = "<group>"; };
		8CEA8E9B1D9C2BC000B512B8 /* MainFlowControllerSpec.swift */ = {isa = PBXFileReference; fileEncoding = 4; lastKnownFileType = sourcecode.swift; path = MainFlowControllerSpec.swift; sourceTree = "<group>"; };
		8CEA8E9D1D9C2DD600B512B8 /* Dollar.framework */ = {isa = PBXFileReference; lastKnownFileType = wrapper.framework; name = Dollar.framework; path = ../Carthage/Build/iOS/Dollar.framework; sourceTree = "<group>"; };
/* End PBXFileReference section */

/* Begin PBXFrameworksBuildPhase section */
		8C8F930D1D9BFFB700EE5A60 /* Frameworks */ = {
			isa = PBXFrameworksBuildPhase;
			buildActionMask = 2147483647;
			files = (
				8CEA8E9E1D9C2DD600B512B8 /* Dollar.framework in Frameworks */,
				8C8F93471D9C07E700EE5A60 /* Swinject.framework in Frameworks */,
			);
			runOnlyForDeploymentPostprocessing = 0;
		};
		8C8F93211D9BFFB700EE5A60 /* Frameworks */ = {
			isa = PBXFrameworksBuildPhase;
			buildActionMask = 2147483647;
			files = (
				8C8F93591D9C0D5500EE5A60 /* Nimble.framework in Frameworks */,
				8C8F935A1D9C0D5500EE5A60 /* Quick.framework in Frameworks */,
			);
			runOnlyForDeploymentPostprocessing = 0;
		};
/* End PBXFrameworksBuildPhase section */

/* Begin PBXGroup section */
		8C8F93071D9BFFB700EE5A60 = {
			isa = PBXGroup;
			children = (
				8C8F93121D9BFFB700EE5A60 /* GithubBrowser */,
				8C8F93271D9BFFB700EE5A60 /* GithubBrowserTests */,
				8C8F93111D9BFFB700EE5A60 /* Products */,
				8C8F93421D9C069100EE5A60 /* Frameworks */,
			);
			sourceTree = "<group>";
		};
		8C8F93111D9BFFB700EE5A60 /* Products */ = {
			isa = PBXGroup;
			children = (
				8C8F93101D9BFFB700EE5A60 /* GithubBrowser.app */,
				8C8F93241D9BFFB700EE5A60 /* GithubBrowserTests.xctest */,
			);
			name = Products;
			sourceTree = "<group>";
		};
		8C8F93121D9BFFB700EE5A60 /* GithubBrowser */ = {
			isa = PBXGroup;
			children = (
				8C8F93331D9C00AB00EE5A60 /* Classes */,
				8C8F93361D9C00C900EE5A60 /* Resources */,
			);
			path = GithubBrowser;
			sourceTree = "<group>";
		};
		8C8F93271D9BFFB700EE5A60 /* GithubBrowserTests */ = {
			isa = PBXGroup;
			children = (
				8C8F933B1D9C011800EE5A60 /* Classes */,
				8C8F933C1D9C013100EE5A60 /* Resources */,
			);
			path = GithubBrowserTests;
			sourceTree = "<group>";
		};
		8C8F93331D9C00AB00EE5A60 /* Classes */ = {
			isa = PBXGroup;
			children = (
				8CEA8E931D9C29AE00B512B8 /* Flow */,
				8C8F93341D9C00B300EE5A60 /* AppDelegate */,
				8CEA8E8B1D9C268100B512B8 /* Extensions */,
				8C8F93351D9C00BA00EE5A60 /* Main */,
				8C8F933A1D9C010900EE5A60 /* ViewControllers */,
			);
			path = Classes;
			sourceTree = "<group>";
		};
		8C8F93341D9C00B300EE5A60 /* AppDelegate */ = {
			isa = PBXGroup;
			children = (
				8C8F93131D9BFFB700EE5A60 /* AppDelegate.swift */,
				8C8F933F1D9C022B00EE5A60 /* UnitTestAppDelegate.swift */,
			);
			path = AppDelegate;
			sourceTree = "<group>";
		};
		8C8F93351D9C00BA00EE5A60 /* Main */ = {
			isa = PBXGroup;
			children = (
				8C8F933D1D9C01F500EE5A60 /* main.swift */,
			);
			path = Main;
			sourceTree = "<group>";
		};
		8C8F93361D9C00C900EE5A60 /* Resources */ = {
			isa = PBXGroup;
			children = (
				8C8F93391D9C00FE00EE5A60 /* Assets */,
				8C8F93371D9C00CE00EE5A60 /* InfoPropertyList */,
				8C8F93381D9C00ED00EE5A60 /* Storyboards */,
			);
			path = Resources;
			sourceTree = "<group>";
		};
		8C8F93371D9C00CE00EE5A60 /* InfoPropertyList */ = {
			isa = PBXGroup;
			children = (
				8C8F931F1D9BFFB700EE5A60 /* Info.plist */,
			);
			path = InfoPropertyList;
			sourceTree = "<group>";
		};
		8C8F93381D9C00ED00EE5A60 /* Storyboards */ = {
			isa = PBXGroup;
			children = (
				8C8F931C1D9BFFB700EE5A60 /* LaunchScreen.storyboard */,
				8C8F93171D9BFFB700EE5A60 /* Main.storyboard */,
			);
			path = Storyboards;
			sourceTree = "<group>";
		};
		8C8F93391D9C00FE00EE5A60 /* Assets */ = {
			isa = PBXGroup;
			children = (
				8C8F931A1D9BFFB700EE5A60 /* Assets.xcassets */,
			);
			path = Assets;
			sourceTree = "<group>";
		};
		8C8F933A1D9C010900EE5A60 /* ViewControllers */ = {
			isa = PBXGroup;
			children = (
				8C8F93151D9BFFB700EE5A60 /* ViewController.swift */,
			);
			path = ViewControllers;
			sourceTree = "<group>";
		};
		8C8F933B1D9C011800EE5A60 /* Classes */ = {
			isa = PBXGroup;
			children = (
				8CEA8E961D9C2AC600B512B8 /* Flow */,
				8CEA8E8F1D9C27DC00B512B8 /* Extensions */,
				8C8F934D1D9C09AD00EE5A60 /* Mock */,
			);
			path = Classes;
			sourceTree = "<group>";
		};
		8C8F933C1D9C013100EE5A60 /* Resources */ = {
			isa = PBXGroup;
			children = (
				8C8F932A1D9BFFB700EE5A60 /* Info.plist */,
			);
			path = Resources;
			sourceTree = "<group>";
		};
		8C8F93421D9C069100EE5A60 /* Frameworks */ = {
			isa = PBXGroup;
			children = (
				8CEA8E9D1D9C2DD600B512B8 /* Dollar.framework */,
				8C8F93571D9C0D5500EE5A60 /* Nimble.framework */,
				8C8F93581D9C0D5500EE5A60 /* Quick.framework */,
				8C8F93451D9C076200EE5A60 /* Swinject.framework */,
				8C8F93431D9C069100EE5A60 /* Swinject.framework */,
			);
			name = Frameworks;
			sourceTree = "<group>";
		};
		8C8F934D1D9C09AD00EE5A60 /* Mock */ = {
			isa = PBXGroup;
			children = (
				8C8F935E1D9C0EE400EE5A60 /* ViewControllers */,
			);
			name = Mock;
			sourceTree = "<group>";
		};
		8C8F935E1D9C0EE400EE5A60 /* ViewControllers */ = {
			isa = PBXGroup;
			children = (
				8C8F935F1D9C0EF500EE5A60 /* ViewControllerMock.swift */,
				8C8F93611D9C0EFF00EE5A60 /* OtherViewControllerMock.swift */,
				8C8F93631D9C0F0900EE5A60 /* NavigationControllerMock.swift */,
				8C8F93651D9C127C00EE5A60 /* YetAnotherViewControllerMock.swift */,
			);
			name = ViewControllers;
			sourceTree = "<group>";
		};
		8CEA8E8B1D9C268100B512B8 /* Extensions */ = {
			isa = PBXGroup;
			children = (
				8CEA8E8C1D9C268E00B512B8 /* UINavigationViewController */,
			);
			name = Extensions;
			sourceTree = "<group>";
		};
		8CEA8E8C1D9C268E00B512B8 /* UINavigationViewController */ = {
			isa = PBXGroup;
			children = (
				8CEA8E8D1D9C279500B512B8 /* UINavigationViewController+BackwardsNavigation.swift */,
			);
			name = UINavigationViewController;
			sourceTree = "<group>";
		};
		8CEA8E8F1D9C27DC00B512B8 /* Extensions */ = {
			isa = PBXGroup;
			children = (
				8CEA8E901D9C27E100B512B8 /* UINavigationViewController */,
			);
			name = Extensions;
			sourceTree = "<group>";
		};
		8CEA8E901D9C27E100B512B8 /* UINavigationViewController */ = {
			isa = PBXGroup;
			children = (
				8CEA8E911D9C280500B512B8 /* UINavigationViewControllerBackwardsNavigationSpec.swift */,
			);
			name = UINavigationViewController;
			sourceTree = "<group>";
		};
		8CEA8E931D9C29AE00B512B8 /* Flow */ = {
			isa = PBXGroup;
			children = (
				8CEA8E971D9C2AD200B512B8 /* Impl */,
				8CEA8E941D9C29BC00B512B8 /* FlowController.swift */,
			);
			name = Flow;
			sourceTree = "<group>";
		};
		8CEA8E961D9C2AC600B512B8 /* Flow */ = {
			isa = PBXGroup;
			children = (
				8CEA8E9A1D9C2BB500B512B8 /* Impl */,
			);
			name = Flow;
			sourceTree = "<group>";
		};
		8CEA8E971D9C2AD200B512B8 /* Impl */ = {
			isa = PBXGroup;
			children = (
				8CEA8E981D9C2AE200B512B8 /* MainFlowController.swift */,
			);
			name = Impl;
			sourceTree = "<group>";
		};
		8CEA8E9A1D9C2BB500B512B8 /* Impl */ = {
			isa = PBXGroup;
			children = (
				8CEA8E9B1D9C2BC000B512B8 /* MainFlowControllerSpec.swift */,
			);
			name = Impl;
			sourceTree = "<group>";
		};
/* End PBXGroup section */

/* Begin PBXNativeTarget section */
		8C8F930F1D9BFFB700EE5A60 /* GithubBrowser */ = {
			isa = PBXNativeTarget;
			buildConfigurationList = 8C8F932D1D9BFFB700EE5A60 /* Build configuration list for PBXNativeTarget "GithubBrowser" */;
			buildPhases = (
				8C8F930C1D9BFFB700EE5A60 /* Sources */,
				8C8F930D1D9BFFB700EE5A60 /* Frameworks */,
				8C8F930E1D9BFFB700EE5A60 /* Resources */,
				8C8F93411D9C054800EE5A60 /* ShellScript */,
			);
			buildRules = (
			);
			dependencies = (
			);
			name = GithubBrowser;
			productName = GithubBrowser;
			productReference = 8C8F93101D9BFFB700EE5A60 /* GithubBrowser.app */;
			productType = "com.apple.product-type.application";
		};
		8C8F93231D9BFFB700EE5A60 /* GithubBrowserTests */ = {
			isa = PBXNativeTarget;
			buildConfigurationList = 8C8F93301D9BFFB700EE5A60 /* Build configuration list for PBXNativeTarget "GithubBrowserTests" */;
			buildPhases = (
				8C8F93201D9BFFB700EE5A60 /* Sources */,
				8C8F93211D9BFFB700EE5A60 /* Frameworks */,
				8C8F93221D9BFFB700EE5A60 /* Resources */,
				8C8F935B1D9C0D5C00EE5A60 /* CopyFiles */,
			);
			buildRules = (
			);
			dependencies = (
				8C8F93261D9BFFB700EE5A60 /* PBXTargetDependency */,
			);
			name = GithubBrowserTests;
			productName = GithubBrowserTests;
			productReference = 8C8F93241D9BFFB700EE5A60 /* GithubBrowserTests.xctest */;
			productType = "com.apple.product-type.bundle.unit-test";
		};
/* End PBXNativeTarget section */

/* Begin PBXProject section */
		8C8F93081D9BFFB700EE5A60 /* Project object */ = {
			isa = PBXProject;
			attributes = {
				LastSwiftUpdateCheck = 0800;
				LastUpgradeCheck = 0800;
				ORGANIZATIONNAME = "Jakub Turek";
				TargetAttributes = {
					8C8F930F1D9BFFB700EE5A60 = {
						CreatedOnToolsVersion = 8.0;
						DevelopmentTeam = 8863322VPF;
						ProvisioningStyle = Automatic;
					};
					8C8F93231D9BFFB700EE5A60 = {
						CreatedOnToolsVersion = 8.0;
						DevelopmentTeam = 8863322VPF;
						ProvisioningStyle = Automatic;
						TestTargetID = 8C8F930F1D9BFFB700EE5A60;
					};
				};
			};
			buildConfigurationList = 8C8F930B1D9BFFB700EE5A60 /* Build configuration list for PBXProject "GithubBrowser" */;
			compatibilityVersion = "Xcode 3.2";
			developmentRegion = English;
			hasScannedForEncodings = 0;
			knownRegions = (
				en,
				Base,
			);
			mainGroup = 8C8F93071D9BFFB700EE5A60;
			productRefGroup = 8C8F93111D9BFFB700EE5A60 /* Products */;
			projectDirPath = "";
			projectRoot = "";
			targets = (
				8C8F930F1D9BFFB700EE5A60 /* GithubBrowser */,
				8C8F93231D9BFFB700EE5A60 /* GithubBrowserTests */,
			);
		};
/* End PBXProject section */

/* Begin PBXResourcesBuildPhase section */
		8C8F930E1D9BFFB700EE5A60 /* Resources */ = {
			isa = PBXResourcesBuildPhase;
			buildActionMask = 2147483647;
			files = (
				8C8F931E1D9BFFB700EE5A60 /* LaunchScreen.storyboard in Resources */,
				8C8F931B1D9BFFB700EE5A60 /* Assets.xcassets in Resources */,
				8C8F93191D9BFFB700EE5A60 /* Main.storyboard in Resources */,
			);
			runOnlyForDeploymentPostprocessing = 0;
		};
		8C8F93221D9BFFB700EE5A60 /* Resources */ = {
			isa = PBXResourcesBuildPhase;
			buildActionMask = 2147483647;
			files = (
			);
			runOnlyForDeploymentPostprocessing = 0;
		};
/* End PBXResourcesBuildPhase section */

/* Begin PBXShellScriptBuildPhase section */
		8C8F93411D9C054800EE5A60 /* ShellScript */ = {
			isa = PBXShellScriptBuildPhase;
			buildActionMask = 2147483647;
			files = (
			);
			inputPaths = (
				"$(SRCROOT)/../Carthage/Build/iOS/Swinject.framework",
				"$(SRCROOT)/../Carthage/Build/iOS/Dollar.framework",
			);
			outputPaths = (
			);
			runOnlyForDeploymentPostprocessing = 0;
			shellPath = /bin/sh;
			shellScript = "/usr/local/bin/carthage copy-frameworks";
		};
/* End PBXShellScriptBuildPhase section */

/* Begin PBXSourcesBuildPhase section */
		8C8F930C1D9BFFB700EE5A60 /* Sources */ = {
			isa = PBXSourcesBuildPhase;
			buildActionMask = 2147483647;
			files = (
				8C8F93401D9C022B00EE5A60 /* UnitTestAppDelegate.swift in Sources */,
				8C8F93161D9BFFB700EE5A60 /* ViewController.swift in Sources */,
				8CEA8E991D9C2AE200B512B8 /* MainFlowController.swift in Sources */,
				8CEA8E951D9C29BC00B512B8 /* FlowController.swift in Sources */,
				8C8F93141D9BFFB700EE5A60 /* AppDelegate.swift in Sources */,
				8C8F933E1D9C01F500EE5A60 /* main.swift in Sources */,
				8CEA8E8E1D9C279500B512B8 /* UINavigationViewController+BackwardsNavigation.swift in Sources */,
			);
			runOnlyForDeploymentPostprocessing = 0;
		};
		8C8F93201D9BFFB700EE5A60 /* Sources */ = {
			isa = PBXSourcesBuildPhase;
			buildActionMask = 2147483647;
			files = (
				8CEA8E921D9C280500B512B8 /* UINavigationViewControllerBackwardsNavigationSpec.swift in Sources */,
				8C8F93621D9C0EFF00EE5A60 /* OtherViewControllerMock.swift in Sources */,
				8C8F93601D9C0EF500EE5A60 /* ViewControllerMock.swift in Sources */,
				8CEA8E9C1D9C2BC000B512B8 /* MainFlowControllerSpec.swift in Sources */,
				8C8F93661D9C127C00EE5A60 /* YetAnotherViewControllerMock.swift in Sources */,
				8C8F93641D9C0F0900EE5A60 /* NavigationControllerMock.swift in Sources */,
			);
			runOnlyForDeploymentPostprocessing = 0;
		};
/* End PBXSourcesBuildPhase section */

/* Begin PBXTargetDependency section */
		8C8F93261D9BFFB700EE5A60 /* PBXTargetDependency */ = {
			isa = PBXTargetDependency;
			target = 8C8F930F1D9BFFB700EE5A60 /* GithubBrowser */;
			targetProxy = 8C8F93251D9BFFB700EE5A60 /* PBXContainerItemProxy */;
		};
/* End PBXTargetDependency section */

/* Begin PBXVariantGroup section */
		8C8F93171D9BFFB700EE5A60 /* Main.storyboard */ = {
			isa = PBXVariantGroup;
			children = (
				8C8F93181D9BFFB700EE5A60 /* Base */,
			);
			name = Main.storyboard;
			path = .;
			sourceTree = "<group>";
		};
		8C8F931C1D9BFFB700EE5A60 /* LaunchScreen.storyboard */ = {
			isa = PBXVariantGroup;
			children = (
				8C8F931D1D9BFFB700EE5A60 /* Base */,
			);
			name = LaunchScreen.storyboard;
			path = .;
			sourceTree = "<group>";
		};
/* End PBXVariantGroup section */

/* Begin XCBuildConfiguration section */
		8C8F932B1D9BFFB700EE5A60 /* Debug */ = {
			isa = XCBuildConfiguration;
			buildSettings = {
				ALWAYS_SEARCH_USER_PATHS = NO;
				CLANG_ANALYZER_NONNULL = YES;
				CLANG_CXX_LANGUAGE_STANDARD = "gnu++0x";
				CLANG_CXX_LIBRARY = "libc++";
				CLANG_ENABLE_MODULES = YES;
				CLANG_ENABLE_OBJC_ARC = YES;
				CLANG_WARN_BOOL_CONVERSION = YES;
				CLANG_WARN_CONSTANT_CONVERSION = YES;
				CLANG_WARN_DIRECT_OBJC_ISA_USAGE = YES_ERROR;
				CLANG_WARN_DOCUMENTATION_COMMENTS = YES;
				CLANG_WARN_EMPTY_BODY = YES;
				CLANG_WARN_ENUM_CONVERSION = YES;
				CLANG_WARN_INFINITE_RECURSION = YES;
				CLANG_WARN_INT_CONVERSION = YES;
				CLANG_WARN_OBJC_ROOT_CLASS = YES_ERROR;
				CLANG_WARN_SUSPICIOUS_MOVES = YES;
				CLANG_WARN_UNREACHABLE_CODE = YES;
				CLANG_WARN__DUPLICATE_METHOD_MATCH = YES;
				"CODE_SIGN_IDENTITY[sdk=iphoneos*]" = "iPhone Developer";
				COPY_PHASE_STRIP = NO;
				DEBUG_INFORMATION_FORMAT = dwarf;
				ENABLE_STRICT_OBJC_MSGSEND = YES;
				ENABLE_TESTABILITY = YES;
				GCC_C_LANGUAGE_STANDARD = gnu99;
				GCC_DYNAMIC_NO_PIC = NO;
				GCC_NO_COMMON_BLOCKS = YES;
				GCC_OPTIMIZATION_LEVEL = 0;
				GCC_PREPROCESSOR_DEFINITIONS = (
					"DEBUG=1",
					"$(inherited)",
				);
				GCC_WARN_64_TO_32_BIT_CONVERSION = YES;
				GCC_WARN_ABOUT_RETURN_TYPE = YES_ERROR;
				GCC_WARN_UNDECLARED_SELECTOR = YES;
				GCC_WARN_UNINITIALIZED_AUTOS = YES_AGGRESSIVE;
				GCC_WARN_UNUSED_FUNCTION = YES;
				GCC_WARN_UNUSED_VARIABLE = YES;
				IPHONEOS_DEPLOYMENT_TARGET = 10.0;
				MTL_ENABLE_DEBUG_INFO = YES;
				ONLY_ACTIVE_ARCH = YES;
				SDKROOT = iphoneos;
				SWIFT_ACTIVE_COMPILATION_CONDITIONS = DEBUG;
				SWIFT_OPTIMIZATION_LEVEL = "-Onone";
				TARGETED_DEVICE_FAMILY = "1,2";
			};
			name = Debug;
		};
		8C8F932C1D9BFFB700EE5A60 /* Release */ = {
			isa = XCBuildConfiguration;
			buildSettings = {
				ALWAYS_SEARCH_USER_PATHS = NO;
				CLANG_ANALYZER_NONNULL = YES;
				CLANG_CXX_LANGUAGE_STANDARD = "gnu++0x";
				CLANG_CXX_LIBRARY = "libc++";
				CLANG_ENABLE_MODULES = YES;
				CLANG_ENABLE_OBJC_ARC = YES;
				CLANG_WARN_BOOL_CONVERSION = YES;
				CLANG_WARN_CONSTANT_CONVERSION = YES;
				CLANG_WARN_DIRECT_OBJC_ISA_USAGE = YES_ERROR;
				CLANG_WARN_DOCUMENTATION_COMMENTS = YES;
				CLANG_WARN_EMPTY_BODY = YES;
				CLANG_WARN_ENUM_CONVERSION = YES;
				CLANG_WARN_INFINITE_RECURSION = YES;
				CLANG_WARN_INT_CONVERSION = YES;
				CLANG_WARN_OBJC_ROOT_CLASS = YES_ERROR;
				CLANG_WARN_SUSPICIOUS_MOVES = YES;
				CLANG_WARN_UNREACHABLE_CODE = YES;
				CLANG_WARN__DUPLICATE_METHOD_MATCH = YES;
				"CODE_SIGN_IDENTITY[sdk=iphoneos*]" = "iPhone Developer";
				COPY_PHASE_STRIP = NO;
				DEBUG_INFORMATION_FORMAT = "dwarf-with-dsym";
				ENABLE_NS_ASSERTIONS = NO;
				ENABLE_STRICT_OBJC_MSGSEND = YES;
				GCC_C_LANGUAGE_STANDARD = gnu99;
				GCC_NO_COMMON_BLOCKS = YES;
				GCC_WARN_64_TO_32_BIT_CONVERSION = YES;
				GCC_WARN_ABOUT_RETURN_TYPE = YES_ERROR;
				GCC_WARN_UNDECLARED_SELECTOR = YES;
				GCC_WARN_UNINITIALIZED_AUTOS = YES_AGGRESSIVE;
				GCC_WARN_UNUSED_FUNCTION = YES;
				GCC_WARN_UNUSED_VARIABLE = YES;
				IPHONEOS_DEPLOYMENT_TARGET = 10.0;
				MTL_ENABLE_DEBUG_INFO = NO;
				SDKROOT = iphoneos;
				SWIFT_OPTIMIZATION_LEVEL = "-Owholemodule";
				TARGETED_DEVICE_FAMILY = "1,2";
				VALIDATE_PRODUCT = YES;
			};
			name = Release;
		};
		8C8F932E1D9BFFB700EE5A60 /* Debug */ = {
			isa = XCBuildConfiguration;
			buildSettings = {
				ASSETCATALOG_COMPILER_APPICON_NAME = AppIcon;
				DEVELOPMENT_TEAM = 8863322VPF;
				FRAMEWORK_SEARCH_PATHS = (
					"$(inherited)",
					"$(PROJECT_DIR)/../Carthage/Build/iOS",
				);
				INFOPLIST_FILE = GithubBrowser/Resources/InfoPropertyList/Info.plist;
				LD_RUNPATH_SEARCH_PATHS = "$(inherited) @executable_path/Frameworks";
				PRODUCT_BUNDLE_IDENTIFIER = com.jakubturek.GithubBrowser;
				PRODUCT_NAME = "$(TARGET_NAME)";
				SWIFT_VERSION = 3.0;
			};
			name = Debug;
		};
		8C8F932F1D9BFFB700EE5A60 /* Release */ = {
			isa = XCBuildConfiguration;
			buildSettings = {
				ASSETCATALOG_COMPILER_APPICON_NAME = AppIcon;
				DEVELOPMENT_TEAM = 8863322VPF;
				FRAMEWORK_SEARCH_PATHS = (
					"$(inherited)",
					"$(PROJECT_DIR)/../Carthage/Build/iOS",
				);
				INFOPLIST_FILE = GithubBrowser/Resources/InfoPropertyList/Info.plist;
				LD_RUNPATH_SEARCH_PATHS = "$(inherited) @executable_path/Frameworks";
				PRODUCT_BUNDLE_IDENTIFIER = com.jakubturek.GithubBrowser;
				PRODUCT_NAME = "$(TARGET_NAME)";
				SWIFT_VERSION = 3.0;
			};
			name = Release;
		};
		8C8F93311D9BFFB700EE5A60 /* Debug */ = {
			isa = XCBuildConfiguration;
			buildSettings = {
				ALWAYS_EMBED_SWIFT_STANDARD_LIBRARIES = YES;
				BUNDLE_LOADER = "$(TEST_HOST)";
				DEVELOPMENT_TEAM = 8863322VPF;
				FRAMEWORK_SEARCH_PATHS = "$(PROJECT_DIR)/../Carthage/Build/iOS";
				INFOPLIST_FILE = GithubBrowserTests/Resources/Info.plist;
				LD_RUNPATH_SEARCH_PATHS = "$(inherited) @executable_path/Frameworks @loader_path/Frameworks";
				PRODUCT_BUNDLE_IDENTIFIER = com.jakubturek.GithubBrowserTests;
				PRODUCT_NAME = "$(TARGET_NAME)";
				SWIFT_VERSION = 3.0;
				TEST_HOST = "$(BUILT_PRODUCTS_DIR)/GithubBrowser.app/GithubBrowser";
			};
			name = Debug;
		};
		8C8F93321D9BFFB700EE5A60 /* Release */ = {
			isa = XCBuildConfiguration;
			buildSettings = {
				ALWAYS_EMBED_SWIFT_STANDARD_LIBRARIES = YES;
				BUNDLE_LOADER = "$(TEST_HOST)";
				DEVELOPMENT_TEAM = 8863322VPF;
				FRAMEWORK_SEARCH_PATHS = "$(PROJECT_DIR)/../Carthage/Build/iOS";
				INFOPLIST_FILE = GithubBrowserTests/Resources/Info.plist;
				LD_RUNPATH_SEARCH_PATHS = "$(inherited) @executable_path/Frameworks @loader_path/Frameworks";
				PRODUCT_BUNDLE_IDENTIFIER = com.jakubturek.GithubBrowserTests;
				PRODUCT_NAME = "$(TARGET_NAME)";
				SWIFT_VERSION = 3.0;
				TEST_HOST = "$(BUILT_PRODUCTS_DIR)/GithubBrowser.app/GithubBrowser";
			};
			name = Release;
		};
/* End XCBuildConfiguration section */

/* Begin XCConfigurationList section */
		8C8F930B1D9BFFB700EE5A60 /* Build configuration list for PBXProject "GithubBrowser" */ = {
			isa = XCConfigurationList;
			buildConfigurations = (
				8C8F932B1D9BFFB700EE5A60 /* Debug */,
				8C8F932C1D9BFFB700EE5A60 /* Release */,
			);
			defaultConfigurationIsVisible = 0;
			defaultConfigurationName = Release;
		};
		8C8F932D1D9BFFB700EE5A60 /* Build configuration list for PBXNativeTarget "GithubBrowser" */ = {
			isa = XCConfigurationList;
			buildConfigurations = (
				8C8F932E1D9BFFB700EE5A60 /* Debug */,
				8C8F932F1D9BFFB700EE5A60 /* Release */,
			);
			defaultConfigurationIsVisible = 0;
			defaultConfigurationName = Release;
		};
		8C8F93301D9BFFB700EE5A60 /* Build configuration list for PBXNativeTarget "GithubBrowserTests" */ = {
			isa = XCConfigurationList;
			buildConfigurations = (
				8C8F93311D9BFFB700EE5A60 /* Debug */,
				8C8F93321D9BFFB700EE5A60 /* Release */,
			);
			defaultConfigurationIsVisible = 0;
			defaultConfigurationName = Release;
		};
/* End XCConfigurationList section */
	};
	rootObject = 8C8F93081D9BFFB700EE5A60 /* Project object */;
}
